
Microsoft Visual Studio Solution File, Format Version 12.00
# Visual Studio Version 17
VisualStudioVersion = 17.12.35527.113 d17.12
MinimumVisualStudioVersion = 10.0.40219.1
Project("{FAE04EC0-301F-11D3-BF4B-00C04F79EFBC}") = "Domain", "Domain\Domain.csproj", "{890072EE-0B4A-4A09-AEBB-0031BE77B623}"
EndProject
Project("{FAE04EC0-301F-11D3-BF4B-00C04F79EFBC}") = "Application", "Application\Application.csproj", "{BF81D3C3-5D80-45AB-A535-BB376379372C}"
EndProject
Project("{FAE04EC0-301F-11D3-BF4B-00C04F79EFBC}") = "Infastructure", "Infastructure\Infastructure.csproj", "{CC024F15-62E3-40F3-9855-BDA908057590}"
EndProject
Project("{FAE04EC0-301F-11D3-BF4B-00C04F79EFBC}") = "WebAPI", "WebAPI\WebAPI.csproj", "{547FC46B-3A89-4D8A-9E42-F3B02764F010}"
EndProject
Project("{FAE04EC0-301F-11D3-BF4B-00C04F79EFBC}") = "WebUI", "WebUI\WebUI.csproj", "{6205AC2D-C3DE-430C-B052-B6DF9832047E}"
EndProject
Global
	GlobalSection(SolutionConfigurationPlatforms) = preSolution
		Debug|Any CPU = Debug|Any CPU
		Release|Any CPU = Release|Any CPU
	EndGlobalSection
	GlobalSection(ProjectConfigurationPlatforms) = postSolution
		{890072EE-0B4A-4A09-AEBB-0031BE77B623}.Debug|Any CPU.ActiveCfg = Debug|Any CPU
		{890072EE-0B4A-4A09-AEBB-0031BE77B623}.Debug|Any CPU.Build.0 = Debug|Any CPU
		{890072EE-0B4A-4A09-AEBB-0031BE77B623}.Release|Any CPU.ActiveCfg = Release|Any CPU
		{890072EE-0B4A-4A09-AEBB-0031BE77B623}.Release|Any CPU.Build.0 = Release|Any CPU
		{BF81D3C3-5D80-45AB-A535-BB376379372C}.Debug|Any CPU.ActiveCfg = Debug|Any CPU
		{BF81D3C3-5D80-45AB-A535-BB376379372C}.Debug|Any CPU.Build.0 = Debug|Any CPU
		{BF81D3C3-5D80-45AB-A535-BB376379372C}.Release|Any CPU.ActiveCfg = Release|Any CPU
		{BF81D3C3-5D80-45AB-A535-BB376379372C}.Release|Any CPU.Build.0 = Release|Any CPU
		{CC024F15-62E3-40F3-9855-BDA908057590}.Debug|Any CPU.ActiveCfg = Debug|Any CPU
		{CC024F15-62E3-40F3-9855-BDA908057590}.Debug|Any CPU.Build.0 = Debug|Any CPU
		{CC024F15-62E3-40F3-9855-BDA908057590}.Release|Any CPU.ActiveCfg = Release|Any CPU
		{CC024F15-62E3-40F3-9855-BDA908057590}.Release|Any CPU.Build.0 = Release|Any CPU
		{547FC46B-3A89-4D8A-9E42-F3B02764F010}.Debug|Any CPU.ActiveCfg = Debug|Any CPU
		{547FC46B-3A89-4D8A-9E42-F3B02764F010}.Debug|Any CPU.Build.0 = Debug|Any CPU
		{547FC46B-3A89-4D8A-9E42-F3B02764F010}.Release|Any CPU.ActiveCfg = Release|Any CPU
		{547FC46B-3A89-4D8A-9E42-F3B02764F010}.Release|Any CPU.Build.0 = Release|Any CPU
		{6205AC2D-C3DE-430C-B052-B6DF9832047E}.Debug|Any CPU.ActiveCfg = Debug|Any CPU
		{6205AC2D-C3DE-430C-B052-B6DF9832047E}.Debug|Any CPU.Build.0 = Debug|Any CPU
		{6205AC2D-C3DE-430C-B052-B6DF9832047E}.Release|Any CPU.ActiveCfg = Release|Any CPU
		{6205AC2D-C3DE-430C-B052-B6DF9832047E}.Release|Any CPU.Build.0 = Release|Any CPU
	EndGlobalSection
	GlobalSection(SolutionProperties) = preSolution
		HideSolutionNode = FALSE
	EndGlobalSection
EndGlobal
